// !$*UTF8*$!
{
	archiveVersion = 1;
	classes = {
	};
	objectVersion = 50;
	objects = {

/* Begin PBXBuildFile section */
		17B2E140251240B40000C381 /* AppDelegate.swift in Sources */ = {isa = PBXBuildFile; fileRef = 17B2E13F251240B40000C381 /* AppDelegate.swift */; };
		17B2E142251240B40000C381 /* SceneDelegate.swift in Sources */ = {isa = PBXBuildFile; fileRef = 17B2E141251240B40000C381 /* SceneDelegate.swift */; };
		17B2E144251240B40000C381 /* ViewController.swift in Sources */ = {isa = PBXBuildFile; fileRef = 17B2E143251240B40000C381 /* ViewController.swift */; };
		17B2E147251240B40000C381 /* Main.storyboard in Resources */ = {isa = PBXBuildFile; fileRef = 17B2E145251240B40000C381 /* Main.storyboard */; };
		17B2E149251240B50000C381 /* Assets.xcassets in Resources */ = {isa = PBXBuildFile; fileRef = 17B2E148251240B50000C381 /* Assets.xcassets */; };
		17B2E14C251240B50000C381 /* LaunchScreen.storyboard in Resources */ = {isa = PBXBuildFile; fileRef = 17B2E14A251240B50000C381 /* LaunchScreen.storyboard */; };
		17B2E155251240C00000C381 /* LocalAuthentication.framework in Frameworks */ = {isa = PBXBuildFile; fileRef = 17B2E154251240C00000C381 /* LocalAuthentication.framework */; };
/* End PBXBuildFile section */

/* Begin PBXFileReference section */
		17B2E13C251240B40000C381 /* UseTouchId.app */ = {isa = PBXFileReference; explicitFileType = wrapper.application; includeInIndex = 0; path = UseTouchId.app; sourceTree = BUILT_PRODUCTS_DIR; };
		17B2E13F251240B40000C381 /* AppDelegate.swift */ = {isa = PBXFileReference; lastKnownFileType = sourcecode.swift; path = AppDelegate.swift; sourceTree = "<group>"; };
		17B2E141251240B40000C381 /* SceneDelegate.swift */ = {isa = PBXFileReference; lastKnownFileType = sourcecode.swift; path = SceneDelegate.swift; sourceTree = "<group>"; };
		17B2E143251240B40000C381 /* ViewController.swift */ = {isa = PBXFileReference; lastKnownFileType = sourcecode.swift; path = ViewController.swift; sourceTree = "<group>"; };
		17B2E146251240B40000C381 /* Base */ = {isa = PBXFileReference; lastKnownFileType = file.storyboard; name = Base; path = Base.lproj/Main.storyboard; sourceTree = "<group>"; };
		17B2E148251240B50000C381 /* Assets.xcassets */ = {isa = PBXFileReference; lastKnownFileType = folder.assetcatalog; path = Assets.xcassets; sourceTree = "<group>"; };
		17B2E14B251240B50000C381 /* Base */ = {isa = PBXFileReference; lastKnownFileType = file.storyboard; name = Base; path = Base.lproj/LaunchScreen.storyboard; sourceTree = "<group>"; };
		17B2E14D251240B50000C381 /* Info.plist */ = {isa = PBXFileReference; lastKnownFileType = text.plist.xml; path = Info.plist; sourceTree = "<group>"; };
		17B2E154251240C00000C381 /* LocalAuthentication.framework */ = {isa = PBXFileReference; lastKnownFileType = wrapper.framework; name = LocalAuthentication.framework; path = System/Library/Frameworks/LocalAuthentication.framework; sourceTree = SDKROOT; };
/* End PBXFileReference section */

/* Begin PBXFrameworksBuildPhase section */
		17B2E139251240B40000C381 /* Frameworks */ = {
			isa = PBXFrameworksBuildPhase;
			buildActionMask = 2147483647;
			files = (
				17B2E155251240C00000C381 /* LocalAuthentication.framework in Frameworks */,
			);
			runOnlyForDeploymentPostprocessing = 0;
		};
/* End PBXFrameworksBuildPhase section */

/* Begin PBXGroup section */
		17B2E133251240B40000C381 = {
			isa = PBXGroup;
			children = (
				17B2E13E251240B40000C381 /* UseTouchId */,
				17B2E13D251240B40000C381 /* Products */,
				17B2E153251240C00000C381 /* Frameworks */,
			);
			sourceTree = "<group>";
		};
		17B2E13D251240B40000C381 /* Products */ = {
			isa = PBXGroup;
			children = (
				17B2E13C251240B40000C381 /* UseTouchId.app */,
			);
			name = Products;
			sourceTree = "<group>";
		};
		17B2E13E251240B40000C381 /* UseTouchId */ = {
			isa = PBXGroup;
			children = (
				17B2E13F251240B40000C381 /* AppDelegate.swift */,
				17B2E141251240B40000C381 /* SceneDelegate.swift */,
				17B2E143251240B40000C381 /* ViewController.swift */,
				17B2E145251240B40000C381 /* Main.storyboard */,
				17B2E148251240B50000C381 /* Assets.xcassets */,
				17B2E14A251240B50000C381 /* LaunchScreen.storyboard */,
				17B2E14D251240B50000C381 /* Info.plist */,
			);
			path = UseTouchId;
			sourceTree = "<group>";
		};
		17B2E153251240C00000C381 /* Frameworks */ = {
			isa = PBXGroup;
			children = (
				17B2E154251240C00000C381 /* LocalAuthentication.framework */,
			);
			name = Frameworks;
			sourceTree = "<group>";
		};
/* End PBXGroup section */

/* Begin PBXNativeTarget section */
		17B2E13B251240B40000C381 /* UseTouchId */ = {
			isa = PBXNativeTarget;
			buildConfigurationList = 17B2E150251240B50000C381 /* Build configuration list for PBXNativeTarget "UseTouchId" */;
			buildPhases = (
				17B2E138251240B40000C381 /* Sources */,
				17B2E139251240B40000C381 /* Frameworks */,
				17B2E13A251240B40000C381 /* Resources */,
			);
			buildRules = (
			);
			dependencies = (
			);
			name = UseTouchId;
			productName = UseTouchId;
			productReference = 17B2E13C251240B40000C381 /* UseTouchId.app */;
			productType = "com.apple.product-type.application";
		};
/* End PBXNativeTarget section */

/* Begin PBXProject section */
		17B2E134251240B40000C381 /* Project object */ = {
			isa = PBXProject;
			attributes = {
				LastSwiftUpdateCheck = 1170;
				LastUpgradeCheck = 1170;
				ORGANIZATIONNAME = "위대연";
				TargetAttributes = {
					17B2E13B251240B40000C381 = {
						CreatedOnToolsVersion = 11.7;
					};
				};
			};
			buildConfigurationList = 17B2E137251240B40000C381 /* Build configuration list for PBXProject "UseTouchId" */;
			compatibilityVersion = "Xcode 9.3";
			developmentRegion = en;
			hasScannedForEncodings = 0;
			knownRegions = (
				en,
				Base,
			);
			mainGroup = 17B2E133251240B40000C381;
			productRefGroup = 17B2E13D251240B40000C381 /* Products */;
			projectDirPath = "";
			projectRoot = "";
			targets = (
				17B2E13B251240B40000C381 /* UseTouchId */,
			);
		};
/* End PBXProject section */

/* Begin PBXResourcesBuildPhase section */
		17B2E13A251240B40000C381 /* Resources */ = {
			isa = PBXResourcesBuildPhase;
			buildActionMask = 2147483647;
			files = (
				17B2E14C251240B50000C381 /* LaunchScreen.storyboard in Resources */,
				17B2E149251240B50000C381 /* Assets.xcassets in Resources */,
				17B2E147251240B40000C381 /* Main.storyboard in Resources */,
			);
			runOnlyForDeploymentPostprocessing = 0;
		};
/* End PBXResourcesBuildPhase section */

/* Begin PBXSourcesBuildPhase section */
		17B2E138251240B40000C381 /* Sources */ = {
			isa = PBXSourcesBuildPhase;
			buildActionMask = 2147483647;
			files = (
				17B2E144251240B40000C381 /* ViewController.swift in Sources */,
				17B2E140251240B40000C381 /* AppDelegate.swift in Sources */,
				17B2E142251240B40000C381 /* SceneDelegate.swift in Sources */,
			);
			runOnlyForDeploymentPostprocessing = 0;
		};
/* End PBXSourcesBuildPhase section */

/* Begin PBXVariantGroup section */
		17B2E145251240B40000C381 /* Main.storyboard */ = {
			isa = PBXVariantGroup;
			children = (
				17B2E146251240B40000C381 /* Base */,
			);
			name = Main.storyboard;
			sourceTree = "<group>";
		};
		17B2E14A251240B50000C381 /* LaunchScreen.storyboard */ = {
			isa = PBXVariantGroup;
			children = (
				17B2E14B251240B50000C381 /* Base */,
			);
			name = LaunchScreen.storyboard;
			sourceTree = "<group>";
		};
/* End PBXVariantGroup section */

/* Begin XCBuildConfiguration section */
		17B2E14E251240B50000C381 /* Debug */ = {
			isa = XCBuildConfiguration;
			buildSettings = {
				ALWAYS_SEARCH_USER_PATHS = NO;
				CLANG_ANALYZER_NONNULL = YES;
				CLANG_ANALYZER_NUMBER_OBJECT_CONVERSION = YES_AGGRESSIVE;
				CLANG_CXX_LANGUAGE_STANDARD = "gnu++14";
				CLANG_CXX_LIBRARY = "libc++";
				CLANG_ENABLE_MODULES = YES;
				CLANG_ENABLE_OBJC_ARC = YES;
				CLANG_ENABLE_OBJC_WEAK = YES;
				CLANG_WARN_BLOCK_CAPTURE_AUTORELEASING = YES;
				CLANG_WARN_BOOL_CONVERSION = YES;
				CLANG_WARN_COMMA = YES;
				CLANG_WARN_CONSTANT_CONVERSION = YES;
				CLANG_WARN_DEPRECATED_OBJC_IMPLEMENTATIONS = YES;
				CLANG_WARN_DIRECT_OBJC_ISA_USAGE = YES_ERROR;
				CLANG_WARN_DOCUMENTATION_COMMENTS = YES;
				CLANG_WARN_EMPTY_BODY = YES;
				CLANG_WARN_ENUM_CONVERSION = YES;
				CLANG_WARN_INFINITE_RECURSION = YES;
				CLANG_WARN_INT_CONVERSION = YES;
				CLANG_WARN_NON_LITERAL_NULL_CONVERSION = YES;
				CLANG_WARN_OBJC_IMPLICIT_RETAIN_SELF = YES;
				CLANG_WARN_OBJC_LITERAL_CONVERSION = YES;
				CLANG_WARN_OBJC_ROOT_CLASS = YES_ERROR;
				CLANG_WARN_RANGE_LOOP_ANALYSIS = YES;
				CLANG_WARN_STRICT_PROTOTYPES = YES;
				CLANG_WARN_SUSPICIOUS_MOVE = YES;
				CLANG_WARN_UNGUARDED_AVAILABILITY = YES_AGGRESSIVE;
				CLANG_WARN_UNREACHABLE_CODE = YES;
				CLANG_WARN__DUPLICATE_METHOD_MATCH = YES;
				COPY_PHASE_STRIP = NO;
				DEBUG_INFORMATION_FORMAT = dwarf;
				ENABLE_STRICT_OBJC_MSGSEND = YES;
				ENABLE_TESTABILITY = YES;
				GCC_C_LANGUAGE_STANDARD = gnu11;
				GCC_DYNAMIC_NO_PIC = NO;
				GCC_NO_COMMON_BLOCKS = YES;
				GCC_OPTIMIZATION_LEVEL = 0;
				GCC_PREPROCESSOR_DEFINITIONS = (
					"DEBUG=1",
					"$(inherited)",
				);
				GCC_WARN_64_TO_32_BIT_CONVERSION = YES;
				GCC_WARN_ABOUT_RETURN_TYPE = YES_ERROR;
				GCC_WARN_UNDECLARED_SELECTOR = YES;
				GCC_WARN_UNINITIALIZED_AUTOS = YES_AGGRESSIVE;
				GCC_WARN_UNUSED_FUNCTION = YES;
				GCC_WARN_UNUSED_VARIABLE = YES;
				IPHONEOS_DEPLOYMENT_TARGET = 13.7;
				MTL_ENABLE_DEBUG_INFO = INCLUDE_SOURCE;
				MTL_FAST_MATH = YES;
				ONLY_ACTIVE_ARCH = YES;
				SDKROOT = iphoneos;
				SWIFT_ACTIVE_COMPILATION_CONDITIONS = DEBUG;
				SWIFT_OPTIMIZATION_LEVEL = "-Onone";
			};
			name = Debug;
		};
		17B2E14F251240B50000C381 /* Release */ = {
			isa = XCBuildConfiguration;
			buildSettings = {
				ALWAYS_SEARCH_USER_PATHS = NO;
				CLANG_ANALYZER_NONNULL = YES;
				CLANG_ANALYZER_NUMBER_OBJECT_CONVERSION = YES_AGGRESSIVE;
				CLANG_CXX_LANGUAGE_STANDARD = "gnu++14";
				CLANG_CXX_LIBRARY = "libc++";
				CLANG_ENABLE_MODULES = YES;
				CLANG_ENABLE_OBJC_ARC = YES;
				CLANG_ENABLE_OBJC_WEAK = YES;
				CLANG_WARN_BLOCK_CAPTURE_AUTORELEASING = YES;
				CLANG_WARN_BOOL_CONVERSION = YES;
				CLANG_WARN_COMMA = YES;
				CLANG_WARN_CONSTANT_CONVERSION = YES;
				CLANG_WARN_DEPRECATED_OBJC_IMPLEMENTATIONS = YES;
				CLANG_WARN_DIRECT_OBJC_ISA_USAGE = YES_ERROR;
				CLANG_WARN_DOCUMENTATION_COMMENTS = YES;
				CLANG_WARN_EMPTY_BODY = YES;
				CLANG_WARN_ENUM_CONVERSION = YES;
				CLANG_WARN_INFINITE_RECURSION = YES;
				CLANG_WARN_INT_CONVERSION = YES;
				CLANG_WARN_NON_LITERAL_NULL_CONVERSION = YES;
				CLANG_WARN_OBJC_IMPLICIT_RETAIN_SELF = YES;
				CLANG_WARN_OBJC_LITERAL_CONVERSION = YES;
				CLANG_WARN_OBJC_ROOT_CLASS = YES_ERROR;
				CLANG_WARN_RANGE_LOOP_ANALYSIS = YES;
				CLANG_WARN_STRICT_PROTOTYPES = YES;
				CLANG_WARN_SUSPICIOUS_MOVE = YES;
				CLANG_WARN_UNGUARDED_AVAILABILITY = YES_AGGRESSIVE;
				CLANG_WARN_UNREACHABLE_CODE = YES;
				CLANG_WARN__DUPLICATE_METHOD_MATCH = YES;
				COPY_PHASE_STRIP = NO;
				DEBUG_INFORMATION_FORMAT = "dwarf-with-dsym";
				ENABLE_NS_ASSERTIONS = NO;
				ENABLE_STRICT_OBJC_MSGSEND = YES;
				GCC_C_LANGUAGE_STANDARD = gnu11;
				GCC_NO_COMMON_BLOCKS = YES;
				GCC_WARN_64_TO_32_BIT_CONVERSION = YES;
				GCC_WARN_ABOUT_RETURN_TYPE = YES_ERROR;
				GCC_WARN_UNDECLARED_SELECTOR = YES;
				GCC_WARN_UNINITIALIZED_AUTOS = YES_AGGRESSIVE;
				GCC_WARN_UNUSED_FUNCTION = YES;
				GCC_WARN_UNUSED_VARIABLE = YES;
				IPHONEOS_DEPLOYMENT_TARGET = 13.7;
				MTL_ENABLE_DEBUG_INFO = NO;
				MTL_FAST_MATH = YES;
				SDKROOT = iphoneos;
				SWIFT_COMPILATION_MODE = wholemodule;
				SWIFT_OPTIMIZATION_LEVEL = "-O";
				VALIDATE_PRODUCT = YES;
			};
			name = Release;
		};
		17B2E151251240B50000C381 /* Debug */ = {
			isa = XCBuildConfiguration;
			buildSettings = {
				ASSETCATALOG_COMPILER_APPICON_NAME = AppIcon;
				CODE_SIGN_STYLE = Automatic;
				DEVELOPMENT_TEAM = Q77G9L4656;
				INFOPLIST_FILE = UseTouchId/Info.plist;
				LD_RUNPATH_SEARCH_PATHS = (
					"$(inherited)",
					"@executable_path/Frameworks",
				);
				PRODUCT_BUNDLE_IDENTIFIER = com.dy.UseTouchId;
				PRODUCT_NAME = "$(TARGET_NAME)";
				SWIFT_VERSION = 5.0;
				TARGETED_DEVICE_FAMILY = "1,2";
			};
			name = Debug;
		};
		17B2E152251240B50000C381 /* Release */ = {
			isa = XCBuildConfiguration;
			buildSettings = {
				ASSETCATALOG_COMPILER_APPICON_NAME = AppIcon;
				CODE_SIGN_STYLE = Automatic;
				DEVELOPMENT_TEAM = Q77G9L4656;
				INFOPLIST_FILE = UseTouchId/Info.plist;
				LD_RUNPATH_SEARCH_PATHS = (
					"$(inherited)",
					"@executable_path/Frameworks",
				);
				PRODUCT_BUNDLE_IDENTIFIER = com.dy.UseTouchId;
				PRODUCT_NAME = "$(TARGET_NAME)";
				SWIFT_VERSION = 5.0;
				TARGETED_DEVICE_FAMILY = "1,2";
			};
			name = Release;
		};
/* End XCBuildConfiguration section */

/* Begin XCConfigurationList section */
		17B2E137251240B40000C381 /* Build configuration list for PBXProject "UseTouchId" */ = {
			isa = XCConfigurationList;
			buildConfigurations = (
				17B2E14E251240B50000C381 /* Debug */,
				17B2E14F251240B50000C381 /* Release */,
			);
			defaultConfigurationIsVisible = 0;
			defaultConfigurationName = Release;
		};
		17B2E150251240B50000C381 /* Build configuration list for PBXNativeTarget "UseTouchId" */ = {
			isa = XCConfigurationList;
			buildConfigurations = (
				17B2E151251240B50000C381 /* Debug */,
				17B2E152251240B50000C381 /* Release */,
			);
			defaultConfigurationIsVisible = 0;
			defaultConfigurationName = Release;
		};
/* End XCConfigurationList section */
	};
	rootObject = 17B2E134251240B40000C381 /* Project object */;
}
